
Microsoft Visual Studio Solution File, Format Version 12.00
# Visual Studio Version 17
VisualStudioVersion = 17.0.31903.59
MinimumVisualStudioVersion = 10.0.40219.1
Project("{2150E333-8FDC-42A3-9474-1A3956D46DE8}") = "src", "src", "{DA63CDA6-FBA5-4979-9C90-50A8F7B7EFDA}"
EndProject
Project("{F2A71F9B-5D33-465A-A702-920D77279786}") = "FSharp.MongoDB.Bson", "src\FSharp.MongoDB.Bson\FSharp.MongoDB.Bson.fsproj", "{BCBB6338-FE09-4335-BDBF-4AA9CAC58E85}"
EndProject
Project("{2150E333-8FDC-42A3-9474-1A3956D46DE8}") = "tests", "tests", "{0B746968-8694-4009-B944-9A604337CCF4}"
EndProject
Project("{F2A71F9B-5D33-465A-A702-920D77279786}") = "FSharp.MongoDB.Bson.Tests", "tests\FSharp.MongoDB.Bson.Tests\FSharp.MongoDB.Bson.Tests.fsproj", "{97A3FF10-5EB1-4339-A19F-F31A419F469B}"
EndProject
Global
	GlobalSection(SolutionConfigurationPlatforms) = preSolution
		Debug|Any CPU = Debug|Any CPU
		Release|Any CPU = Release|Any CPU
	EndGlobalSection
	GlobalSection(SolutionProperties) = preSolution
		HideSolutionNode = FALSE
	EndGlobalSection
	GlobalSection(ProjectConfigurationPlatforms) = postSolution
		{BCBB6338-FE09-4335-BDBF-4AA9CAC58E85}.Debug|Any CPU.ActiveCfg = Debug|Any CPU
		{BCBB6338-FE09-4335-BDBF-4AA9CAC58E85}.Debug|Any CPU.Build.0 = Debug|Any CPU
		{BCBB6338-FE09-4335-BDBF-4AA9CAC58E85}.Release|Any CPU.ActiveCfg = Release|Any CPU
		{BCBB6338-FE09-4335-BDBF-4AA9CAC58E85}.Release|Any CPU.Build.0 = Release|Any CPU
		{97A3FF10-5EB1-4339-A19F-F31A419F469B}.Debug|Any CPU.ActiveCfg = Debug|Any CPU
		{97A3FF10-5EB1-4339-A19F-F31A419F469B}.Debug|Any CPU.Build.0 = Debug|Any CPU
		{97A3FF10-5EB1-4339-A19F-F31A419F469B}.Release|Any CPU.ActiveCfg = Release|Any CPU
		{97A3FF10-5EB1-4339-A19F-F31A419F469B}.Release|Any CPU.Build.0 = Release|Any CPU
	EndGlobalSection
	GlobalSection(NestedProjects) = preSolution
		{BCBB6338-FE09-4335-BDBF-4AA9CAC58E85} = {DA63CDA6-FBA5-4979-9C90-50A8F7B7EFDA}
		{97A3FF10-5EB1-4339-A19F-F31A419F469B} = {0B746968-8694-4009-B944-9A604337CCF4}
	EndGlobalSection
EndGlobal
